// !$*UTF8*$!
{
	archiveVersion = 1;
	classes = {
	};
	objectVersion = 51;
	objects = {

/* Begin PBXBuildFile section */
		0C0F0FB0257182570051D7CB /* ChatRoomVC.swift in Sources */ = {isa = PBXBuildFile; fileRef = 0C0F0FAF257182570051D7CB /* ChatRoomVC.swift */; };
		0C0F0FB32571B7D00051D7CB /* ConversationListCell.swift in Sources */ = {isa = PBXBuildFile; fileRef = 0C0F0FB22571B7D00051D7CB /* ConversationListCell.swift */; };
		0C1E383125667420005CA891 /* String+Extension.swift in Sources */ = {isa = PBXBuildFile; fileRef = 0C1E383025667420005CA891 /* String+Extension.swift */; };
		0C202289256876630039E76D /* User.swift in Sources */ = {isa = PBXBuildFile; fileRef = 0C202288256876630039E76D /* User.swift */; };
		0C3228EA2572C79B00C7CBEF /* FriendListVC.swift in Sources */ = {isa = PBXBuildFile; fileRef = 0C3228E92572C79B00C7CBEF /* FriendListVC.swift */; };
		0C3AABF625778DF200E5F131 /* Message.swift in Sources */ = {isa = PBXBuildFile; fileRef = 0C3AABF525778DF200E5F131 /* Message.swift */; };
		0C45C3DC257E6B5C007493FB /* MyCustomButton.swift in Sources */ = {isa = PBXBuildFile; fileRef = 0C45C3DB257E6B5C007493FB /* MyCustomButton.swift */; };
		0C45C3E02580323D007493FB /* FireStoreManager.swift in Sources */ = {isa = PBXBuildFile; fileRef = 0C45C3DF2580323D007493FB /* FireStoreManager.swift */; };
		0C5A8DA22575060900DB2EE1 /* SearchFriendCell.swift in Sources */ = {isa = PBXBuildFile; fileRef = 0C5A8DA12575060900DB2EE1 /* SearchFriendCell.swift */; };
		0C6B6F6A25F1D558007CB892 /* UIView+Extension.swift in Sources */ = {isa = PBXBuildFile; fileRef = 0C6B6F6925F1D558007CB892 /* UIView+Extension.swift */; };
		0C6B6F6E25F20F4F007CB892 /* CustomTextField.swift in Sources */ = {isa = PBXBuildFile; fileRef = 0C6B6F6D25F20F4F007CB892 /* CustomTextField.swift */; };
		0C6B6F7225F21A92007CB892 /* CustomLoginButton.swift in Sources */ = {isa = PBXBuildFile; fileRef = 0C6B6F7125F21A92007CB892 /* CustomLoginButton.swift */; };
		0C6B6F7725F22B62007CB892 /* AuthenticationManager.swift in Sources */ = {isa = PBXBuildFile; fileRef = 0C6B6F7625F22B62007CB892 /* AuthenticationManager.swift */; };
		0C6B6FBD25F2A3B3007CB892 /* ValidationTests.swift in Sources */ = {isa = PBXBuildFile; fileRef = 0C6B6FBC25F2A3B3007CB892 /* ValidationTests.swift */; };
		0C6B701225F35CCB007CB892 /* SignUpViewModel.swift in Sources */ = {isa = PBXBuildFile; fileRef = 0C6B701125F35CCB007CB892 /* SignUpViewModel.swift */; };
		0C6B701825F35D7B007CB892 /* ValidationService.swift in Sources */ = {isa = PBXBuildFile; fileRef = 0C6B701725F35D7B007CB892 /* ValidationService.swift */; };
		0C6B701E25F38074007CB892 /* LoginViewModel.swift in Sources */ = {isa = PBXBuildFile; fileRef = 0C6B701D25F38074007CB892 /* LoginViewModel.swift */; };
		0C6B706C25F40B01007CB892 /* AccountTextField.swift in Sources */ = {isa = PBXBuildFile; fileRef = 0C6B706B25F40B01007CB892 /* AccountTextField.swift */; };
		0C6B707025F40CF8007CB892 /* AccountUILabel.swift in Sources */ = {isa = PBXBuildFile; fileRef = 0C6B706F25F40CF8007CB892 /* AccountUILabel.swift */; };
		0C6B707625F40E37007CB892 /* AccountLine.swift in Sources */ = {isa = PBXBuildFile; fileRef = 0C6B707525F40E37007CB892 /* AccountLine.swift */; };
		0C6B707A25F40EB2007CB892 /* AccountButton.swift in Sources */ = {isa = PBXBuildFile; fileRef = 0C6B707925F40EB2007CB892 /* AccountButton.swift */; };
		0C7D727B25744CE20072D866 /* FriendListCell.swift in Sources */ = {isa = PBXBuildFile; fileRef = 0C7D727A25744CE20072D866 /* FriendListCell.swift */; };
		0C7D727D2574CDCB0072D866 /* SearchFriendVC.swift in Sources */ = {isa = PBXBuildFile; fileRef = 0C7D727C2574CDCB0072D866 /* SearchFriendVC.swift */; };
		0C7EF2E32577181500418BDB /* ChatRoom.swift in Sources */ = {isa = PBXBuildFile; fileRef = 0C7EF2E22577181500418BDB /* ChatRoom.swift */; };
		0C90FC99256984A100A8BBD5 /* FireStorageManager.swift in Sources */ = {isa = PBXBuildFile; fileRef = 0C90FC98256984A100A8BBD5 /* FireStorageManager.swift */; };
		0CC98E1C257C06F200D9B050 /* PhotoViewerVC.swift in Sources */ = {isa = PBXBuildFile; fileRef = 0CC98E1B257C06F200D9B050 /* PhotoViewerVC.swift */; };
		0CC98E20257C2C4000D9B050 /* Date+Extension.swift in Sources */ = {isa = PBXBuildFile; fileRef = 0CC98E1F257C2C4000D9B050 /* Date+Extension.swift */; };
		0CC98E24257C3A0100D9B050 /* MySubclassedTabBarController.swift in Sources */ = {isa = PBXBuildFile; fileRef = 0CC98E23257C3A0100D9B050 /* MySubclassedTabBarController.swift */; };
		0CDABCE22567050A00DDD5DA /* ServiceAlert.swift in Sources */ = {isa = PBXBuildFile; fileRef = 0CDABCE12567050A00DDD5DA /* ServiceAlert.swift */; };
		0CDCE57F25F4DD6F002997A8 /* SettingViewModel.swift in Sources */ = {isa = PBXBuildFile; fileRef = 0CDCE57E25F4DD6F002997A8 /* SettingViewModel.swift */; };
		0CE1329D25655A8700B666A7 /* AppDelegate.swift in Sources */ = {isa = PBXBuildFile; fileRef = 0CE1329C25655A8700B666A7 /* AppDelegate.swift */; };
		0CE1329F25655A8700B666A7 /* SceneDelegate.swift in Sources */ = {isa = PBXBuildFile; fileRef = 0CE1329E25655A8700B666A7 /* SceneDelegate.swift */; };
		0CE132A625655A8900B666A7 /* Assets.xcassets in Resources */ = {isa = PBXBuildFile; fileRef = 0CE132A525655A8900B666A7 /* Assets.xcassets */; };
		0CE132A925655A8900B666A7 /* LaunchScreen.storyboard in Resources */ = {isa = PBXBuildFile; fileRef = 0CE132A725655A8900B666A7 /* LaunchScreen.storyboard */; };
		0CE132B125655BDD00B666A7 /* ConversationListVC.swift in Sources */ = {isa = PBXBuildFile; fileRef = 0CE132B025655BDD00B666A7 /* ConversationListVC.swift */; };
		0CE132B325655BED00B666A7 /* SettingVC.swift in Sources */ = {isa = PBXBuildFile; fileRef = 0CE132B225655BED00B666A7 /* SettingVC.swift */; };
		0CE132B5256563ED00B666A7 /* LoginVC.swift in Sources */ = {isa = PBXBuildFile; fileRef = 0CE132B4256563ED00B666A7 /* LoginVC.swift */; };
		0CE132B7256563FC00B666A7 /* SignUpVC.swift in Sources */ = {isa = PBXBuildFile; fileRef = 0CE132B6256563FC00B666A7 /* SignUpVC.swift */; };
		0CE132B92565665D00B666A7 /* GoogleService-Info.plist in Resources */ = {isa = PBXBuildFile; fileRef = 0CE132B82565665D00B666A7 /* GoogleService-Info.plist */; };
		5DE9E796E04D49111390BE0D /* Pods_PracticeFireAuth.framework in Frameworks */ = {isa = PBXBuildFile; fileRef = 6C524C9B39899F31135903BF /* Pods_PracticeFireAuth.framework */; };
		E8E1538BEA03471D319E6FC9 /* Pods_PracticeFireAuthTests.framework in Frameworks */ = {isa = PBXBuildFile; fileRef = 57C1E01859C83E39CF42F241 /* Pods_PracticeFireAuthTests.framework */; };
/* End PBXBuildFile section */

/* Begin PBXContainerItemProxy section */
		0C6B6F8B25F29C6C007CB892 /* PBXContainerItemProxy */ = {
			isa = PBXContainerItemProxy;
			containerPortal = 0CE1329125655A8700B666A7 /* Project object */;
			proxyType = 1;
			remoteGlobalIDString = 0CE1329825655A8700B666A7;
			remoteInfo = PracticeFireAuth;
		};
/* End PBXContainerItemProxy section */

/* Begin PBXFileReference section */
		0C0F0FAF257182570051D7CB /* ChatRoomVC.swift */ = {isa = PBXFileReference; lastKnownFileType = sourcecode.swift; path = ChatRoomVC.swift; sourceTree = "<group>"; };
		0C0F0FB22571B7D00051D7CB /* ConversationListCell.swift */ = {isa = PBXFileReference; lastKnownFileType = sourcecode.swift; path = ConversationListCell.swift; sourceTree = "<group>"; };
		0C1E383025667420005CA891 /* String+Extension.swift */ = {isa = PBXFileReference; lastKnownFileType = sourcecode.swift; path = "String+Extension.swift"; sourceTree = "<group>"; };
		0C202288256876630039E76D /* User.swift */ = {isa = PBXFileReference; lastKnownFileType = sourcecode.swift; path = User.swift; sourceTree = "<group>"; };
		0C3228E92572C79B00C7CBEF /* FriendListVC.swift */ = {isa = PBXFileReference; lastKnownFileType = sourcecode.swift; path = FriendListVC.swift; sourceTree = "<group>"; };
		0C3AABF525778DF200E5F131 /* Message.swift */ = {isa = PBXFileReference; lastKnownFileType = sourcecode.swift; path = Message.swift; sourceTree = "<group>"; };
		0C45C3DB257E6B5C007493FB /* MyCustomButton.swift */ = {isa = PBXFileReference; lastKnownFileType = sourcecode.swift; path = MyCustomButton.swift; sourceTree = "<group>"; };
		0C45C3DF2580323D007493FB /* FireStoreManager.swift */ = {isa = PBXFileReference; lastKnownFileType = sourcecode.swift; path = FireStoreManager.swift; sourceTree = "<group>"; };
		0C5A8DA12575060900DB2EE1 /* SearchFriendCell.swift */ = {isa = PBXFileReference; lastKnownFileType = sourcecode.swift; path = SearchFriendCell.swift; sourceTree = "<group>"; };
		0C6B6F6925F1D558007CB892 /* UIView+Extension.swift */ = {isa = PBXFileReference; lastKnownFileType = sourcecode.swift; path = "UIView+Extension.swift"; sourceTree = "<group>"; };
		0C6B6F6D25F20F4F007CB892 /* CustomTextField.swift */ = {isa = PBXFileReference; lastKnownFileType = sourcecode.swift; path = CustomTextField.swift; sourceTree = "<group>"; };
		0C6B6F7125F21A92007CB892 /* CustomLoginButton.swift */ = {isa = PBXFileReference; lastKnownFileType = sourcecode.swift; path = CustomLoginButton.swift; sourceTree = "<group>"; };
		0C6B6F7625F22B62007CB892 /* AuthenticationManager.swift */ = {isa = PBXFileReference; lastKnownFileType = sourcecode.swift; path = AuthenticationManager.swift; sourceTree = "<group>"; };
		0C6B6F8625F29C6C007CB892 /* PracticeFireAuthTests.xctest */ = {isa = PBXFileReference; explicitFileType = wrapper.cfbundle; includeInIndex = 0; path = PracticeFireAuthTests.xctest; sourceTree = BUILT_PRODUCTS_DIR; };
		0C6B6F8A25F29C6C007CB892 /* Info.plist */ = {isa = PBXFileReference; lastKnownFileType = text.plist.xml; path = Info.plist; sourceTree = "<group>"; };
		0C6B6FBC25F2A3B3007CB892 /* ValidationTests.swift */ = {isa = PBXFileReference; lastKnownFileType = sourcecode.swift; path = ValidationTests.swift; sourceTree = "<group>"; };
		0C6B701125F35CCB007CB892 /* SignUpViewModel.swift */ = {isa = PBXFileReference; lastKnownFileType = sourcecode.swift; path = SignUpViewModel.swift; sourceTree = "<group>"; };
		0C6B701725F35D7B007CB892 /* ValidationService.swift */ = {isa = PBXFileReference; fileEncoding = 4; lastKnownFileType = sourcecode.swift; path = ValidationService.swift; sourceTree = "<group>"; };
		0C6B701D25F38074007CB892 /* LoginViewModel.swift */ = {isa = PBXFileReference; lastKnownFileType = sourcecode.swift; path = LoginViewModel.swift; sourceTree = "<group>"; };
		0C6B706B25F40B01007CB892 /* AccountTextField.swift */ = {isa = PBXFileReference; lastKnownFileType = sourcecode.swift; path = AccountTextField.swift; sourceTree = "<group>"; };
		0C6B706F25F40CF8007CB892 /* AccountUILabel.swift */ = {isa = PBXFileReference; lastKnownFileType = sourcecode.swift; path = AccountUILabel.swift; sourceTree = "<group>"; };
		0C6B707525F40E37007CB892 /* AccountLine.swift */ = {isa = PBXFileReference; lastKnownFileType = sourcecode.swift; path = AccountLine.swift; sourceTree = "<group>"; };
		0C6B707925F40EB2007CB892 /* AccountButton.swift */ = {isa = PBXFileReference; lastKnownFileType = sourcecode.swift; path = AccountButton.swift; sourceTree = "<group>"; };
		0C7D727A25744CE20072D866 /* FriendListCell.swift */ = {isa = PBXFileReference; lastKnownFileType = sourcecode.swift; path = FriendListCell.swift; sourceTree = "<group>"; };
		0C7D727C2574CDCB0072D866 /* SearchFriendVC.swift */ = {isa = PBXFileReference; lastKnownFileType = sourcecode.swift; path = SearchFriendVC.swift; sourceTree = "<group>"; };
		0C7EF2E22577181500418BDB /* ChatRoom.swift */ = {isa = PBXFileReference; lastKnownFileType = sourcecode.swift; path = ChatRoom.swift; sourceTree = "<group>"; };
		0C90FC98256984A100A8BBD5 /* FireStorageManager.swift */ = {isa = PBXFileReference; lastKnownFileType = sourcecode.swift; path = FireStorageManager.swift; sourceTree = "<group>"; };
		0CC98E1B257C06F200D9B050 /* PhotoViewerVC.swift */ = {isa = PBXFileReference; lastKnownFileType = sourcecode.swift; path = PhotoViewerVC.swift; sourceTree = "<group>"; };
		0CC98E1F257C2C4000D9B050 /* Date+Extension.swift */ = {isa = PBXFileReference; lastKnownFileType = sourcecode.swift; path = "Date+Extension.swift"; sourceTree = "<group>"; };
		0CC98E23257C3A0100D9B050 /* MySubclassedTabBarController.swift */ = {isa = PBXFileReference; lastKnownFileType = sourcecode.swift; path = MySubclassedTabBarController.swift; sourceTree = "<group>"; };
		0CDABCE12567050A00DDD5DA /* ServiceAlert.swift */ = {isa = PBXFileReference; lastKnownFileType = sourcecode.swift; path = ServiceAlert.swift; sourceTree = "<group>"; };
		0CDCE57E25F4DD6F002997A8 /* SettingViewModel.swift */ = {isa = PBXFileReference; lastKnownFileType = sourcecode.swift; path = SettingViewModel.swift; sourceTree = "<group>"; };
		0CE1329925655A8700B666A7 /* PracticeFireAuth.app */ = {isa = PBXFileReference; explicitFileType = wrapper.application; includeInIndex = 0; path = PracticeFireAuth.app; sourceTree = BUILT_PRODUCTS_DIR; };
		0CE1329C25655A8700B666A7 /* AppDelegate.swift */ = {isa = PBXFileReference; lastKnownFileType = sourcecode.swift; path = AppDelegate.swift; sourceTree = "<group>"; };
		0CE1329E25655A8700B666A7 /* SceneDelegate.swift */ = {isa = PBXFileReference; lastKnownFileType = sourcecode.swift; path = SceneDelegate.swift; sourceTree = "<group>"; };
		0CE132A525655A8900B666A7 /* Assets.xcassets */ = {isa = PBXFileReference; lastKnownFileType = folder.assetcatalog; path = Assets.xcassets; sourceTree = "<group>"; };
		0CE132A825655A8900B666A7 /* Base */ = {isa = PBXFileReference; lastKnownFileType = file.storyboard; name = Base; path = Base.lproj/LaunchScreen.storyboard; sourceTree = "<group>"; };
		0CE132AA25655A8900B666A7 /* Info.plist */ = {isa = PBXFileReference; lastKnownFileType = text.plist.xml; path = Info.plist; sourceTree = "<group>"; };
		0CE132B025655BDD00B666A7 /* ConversationListVC.swift */ = {isa = PBXFileReference; lastKnownFileType = sourcecode.swift; path = ConversationListVC.swift; sourceTree = "<group>"; };
		0CE132B225655BED00B666A7 /* SettingVC.swift */ = {isa = PBXFileReference; lastKnownFileType = sourcecode.swift; path = SettingVC.swift; sourceTree = "<group>"; };
		0CE132B4256563ED00B666A7 /* LoginVC.swift */ = {isa = PBXFileReference; lastKnownFileType = sourcecode.swift; path = LoginVC.swift; sourceTree = "<group>"; };
		0CE132B6256563FC00B666A7 /* SignUpVC.swift */ = {isa = PBXFileReference; lastKnownFileType = sourcecode.swift; path = SignUpVC.swift; sourceTree = "<group>"; };
		0CE132B82565665D00B666A7 /* GoogleService-Info.plist */ = {isa = PBXFileReference; lastKnownFileType = text.plist; path = "GoogleService-Info.plist"; sourceTree = SOURCE_ROOT; };
		57C1E01859C83E39CF42F241 /* Pods_PracticeFireAuthTests.framework */ = {isa = PBXFileReference; explicitFileType = wrapper.framework; includeInIndex = 0; path = Pods_PracticeFireAuthTests.framework; sourceTree = BUILT_PRODUCTS_DIR; };
		6C524C9B39899F31135903BF /* Pods_PracticeFireAuth.framework */ = {isa = PBXFileReference; explicitFileType = wrapper.framework; includeInIndex = 0; path = Pods_PracticeFireAuth.framework; sourceTree = BUILT_PRODUCTS_DIR; };
		8D519B0A7251FD49D02BDF6E /* Pods-PracticeFireAuthTests.debug.xcconfig */ = {isa = PBXFileReference; includeInIndex = 1; lastKnownFileType = text.xcconfig; name = "Pods-PracticeFireAuthTests.debug.xcconfig"; path = "Target Support Files/Pods-PracticeFireAuthTests/Pods-PracticeFireAuthTests.debug.xcconfig"; sourceTree = "<group>"; };
		BBC6C4E8A22D4F7996A87265 /* Pods-PracticeFireAuth.release.xcconfig */ = {isa = PBXFileReference; includeInIndex = 1; lastKnownFileType = text.xcconfig; name = "Pods-PracticeFireAuth.release.xcconfig"; path = "Target Support Files/Pods-PracticeFireAuth/Pods-PracticeFireAuth.release.xcconfig"; sourceTree = "<group>"; };
		D90E8768CC6DD2D6ED850F32 /* Pods-PracticeFireAuth.debug.xcconfig */ = {isa = PBXFileReference; includeInIndex = 1; lastKnownFileType = text.xcconfig; name = "Pods-PracticeFireAuth.debug.xcconfig"; path = "Target Support Files/Pods-PracticeFireAuth/Pods-PracticeFireAuth.debug.xcconfig"; sourceTree = "<group>"; };
		FDD82A920BAF0A3EE49172F1 /* Pods-PracticeFireAuthTests.release.xcconfig */ = {isa = PBXFileReference; includeInIndex = 1; lastKnownFileType = text.xcconfig; name = "Pods-PracticeFireAuthTests.release.xcconfig"; path = "Target Support Files/Pods-PracticeFireAuthTests/Pods-PracticeFireAuthTests.release.xcconfig"; sourceTree = "<group>"; };
/* End PBXFileReference section */

/* Begin PBXFrameworksBuildPhase section */
		0C6B6F8325F29C6C007CB892 /* Frameworks */ = {
			isa = PBXFrameworksBuildPhase;
			buildActionMask = 2147483647;
			files = (
				E8E1538BEA03471D319E6FC9 /* Pods_PracticeFireAuthTests.framework in Frameworks */,
			);
			runOnlyForDeploymentPostprocessing = 0;
		};
		0CE1329625655A8700B666A7 /* Frameworks */ = {
			isa = PBXFrameworksBuildPhase;
			buildActionMask = 2147483647;
			files = (
				5DE9E796E04D49111390BE0D /* Pods_PracticeFireAuth.framework in Frameworks */,
			);
			runOnlyForDeploymentPostprocessing = 0;
		};
/* End PBXFrameworksBuildPhase section */

/* Begin PBXGroup section */
		0C0F0FAD257181EA0051D7CB /* Login & SignUp */ = {
			isa = PBXGroup;
			children = (
				0C6B701D25F38074007CB892 /* LoginViewModel.swift */,
				0CE132B4256563ED00B666A7 /* LoginVC.swift */,
				0C6B701125F35CCB007CB892 /* SignUpViewModel.swift */,
				0CE132B6256563FC00B666A7 /* SignUpVC.swift */,
			);
			path = "Login & SignUp";
			sourceTree = "<group>";
		};
		0C0F0FAE257182100051D7CB /* Main Pages */ = {
			isa = PBXGroup;
			children = (
				0CE132B025655BDD00B666A7 /* ConversationListVC.swift */,
				0C0F0FB22571B7D00051D7CB /* ConversationListCell.swift */,
				0C3228E92572C79B00C7CBEF /* FriendListVC.swift */,
				0C7D727A25744CE20072D866 /* FriendListCell.swift */,
				0C7D727C2574CDCB0072D866 /* SearchFriendVC.swift */,
				0C5A8DA12575060900DB2EE1 /* SearchFriendCell.swift */,
				0C0F0FAF257182570051D7CB /* ChatRoomVC.swift */,
				0CC98E1B257C06F200D9B050 /* PhotoViewerVC.swift */,
				0CDCE57E25F4DD6F002997A8 /* SettingViewModel.swift */,
				0CE132B225655BED00B666A7 /* SettingVC.swift */,
				0C6B706B25F40B01007CB892 /* AccountTextField.swift */,
				0C6B707925F40EB2007CB892 /* AccountButton.swift */,
				0C6B706F25F40CF8007CB892 /* AccountUILabel.swift */,
				0C6B707525F40E37007CB892 /* AccountLine.swift */,
			);
			path = "Main Pages";
			sourceTree = "<group>";
		};
		0C0F0FB12571B6A90051D7CB /* Models */ = {
			isa = PBXGroup;
			children = (
				0C202288256876630039E76D /* User.swift */,
				0C7EF2E22577181500418BDB /* ChatRoom.swift */,
				0C3AABF525778DF200E5F131 /* Message.swift */,
			);
			path = Models;
			sourceTree = "<group>";
		};
		0C6B6F7525F22B3B007CB892 /* APIs */ = {
			isa = PBXGroup;
			children = (
				0C6B6F7625F22B62007CB892 /* AuthenticationManager.swift */,
				0C45C3DF2580323D007493FB /* FireStoreManager.swift */,
				0C90FC98256984A100A8BBD5 /* FireStorageManager.swift */,
			);
			name = APIs;
			sourceTree = "<group>";
		};
		0C6B6F8725F29C6C007CB892 /* PracticeFireAuthTests */ = {
			isa = PBXGroup;
			children = (
				0C6B6FBC25F2A3B3007CB892 /* ValidationTests.swift */,
				0C6B6F8A25F29C6C007CB892 /* Info.plist */,
			);
			path = PracticeFireAuthTests;
			sourceTree = "<group>";
		};
		0CE1329025655A8700B666A7 = {
			isa = PBXGroup;
			children = (
				0CE1329B25655A8700B666A7 /* PracticeFireAuth */,
				0C6B6F8725F29C6C007CB892 /* PracticeFireAuthTests */,
				0CE1329A25655A8700B666A7 /* Products */,
				7A96F4105747C0A8A6ACC0F7 /* Pods */,
				2533D123685179EFB9C1F1B7 /* Frameworks */,
			);
			sourceTree = "<group>";
		};
		0CE1329A25655A8700B666A7 /* Products */ = {
			isa = PBXGroup;
			children = (
				0CE1329925655A8700B666A7 /* PracticeFireAuth.app */,
				0C6B6F8625F29C6C007CB892 /* PracticeFireAuthTests.xctest */,
			);
			name = Products;
			sourceTree = "<group>";
		};
		0CE1329B25655A8700B666A7 /* PracticeFireAuth */ = {
			isa = PBXGroup;
			children = (
				0CE132B82565665D00B666A7 /* GoogleService-Info.plist */,
				0CE1329C25655A8700B666A7 /* AppDelegate.swift */,
				0CE1329E25655A8700B666A7 /* SceneDelegate.swift */,
				0CC98E23257C3A0100D9B050 /* MySubclassedTabBarController.swift */,
				0C0F0FB12571B6A90051D7CB /* Models */,
				0C0F0FAE257182100051D7CB /* Main Pages */,
				0C0F0FAD257181EA0051D7CB /* Login & SignUp */,
				0C6B6F7525F22B3B007CB892 /* APIs */,
				0CE132A525655A8900B666A7 /* Assets.xcassets */,
				0CE132A725655A8900B666A7 /* LaunchScreen.storyboard */,
				0CE132AA25655A8900B666A7 /* Info.plist */,
				0C6B701725F35D7B007CB892 /* ValidationService.swift */,
				0C45C3DB257E6B5C007493FB /* MyCustomButton.swift */,
				0C6B6F6D25F20F4F007CB892 /* CustomTextField.swift */,
				0C6B6F7125F21A92007CB892 /* CustomLoginButton.swift */,
				0C1E383025667420005CA891 /* String+Extension.swift */,
				0CC98E1F257C2C4000D9B050 /* Date+Extension.swift */,
				0C6B6F6925F1D558007CB892 /* UIView+Extension.swift */,
				0CDABCE12567050A00DDD5DA /* ServiceAlert.swift */,
			);
			path = PracticeFireAuth;
			sourceTree = "<group>";
		};
		2533D123685179EFB9C1F1B7 /* Frameworks */ = {
			isa = PBXGroup;
			children = (
				6C524C9B39899F31135903BF /* Pods_PracticeFireAuth.framework */,
				57C1E01859C83E39CF42F241 /* Pods_PracticeFireAuthTests.framework */,
			);
			name = Frameworks;
			sourceTree = "<group>";
		};
		7A96F4105747C0A8A6ACC0F7 /* Pods */ = {
			isa = PBXGroup;
			children = (
				D90E8768CC6DD2D6ED850F32 /* Pods-PracticeFireAuth.debug.xcconfig */,
				BBC6C4E8A22D4F7996A87265 /* Pods-PracticeFireAuth.release.xcconfig */,
				8D519B0A7251FD49D02BDF6E /* Pods-PracticeFireAuthTests.debug.xcconfig */,
				FDD82A920BAF0A3EE49172F1 /* Pods-PracticeFireAuthTests.release.xcconfig */,
			);
			path = Pods;
			sourceTree = "<group>";
		};
/* End PBXGroup section */

/* Begin PBXNativeTarget section */
		0C6B6F8525F29C6C007CB892 /* PracticeFireAuthTests */ = {
			isa = PBXNativeTarget;
			buildConfigurationList = 0C6B6F8F25F29C6C007CB892 /* Build configuration list for PBXNativeTarget "PracticeFireAuthTests" */;
			buildPhases = (
				31A0F8FAC5BD155B11E64C43 /* [CP] Check Pods Manifest.lock */,
				0C6B6F8225F29C6C007CB892 /* Sources */,
				0C6B6F8325F29C6C007CB892 /* Frameworks */,
				0C6B6F8425F29C6C007CB892 /* Resources */,
				215DA7F73C838491A9E98EAC /* [CP] Embed Pods Frameworks */,
			);
			buildRules = (
			);
			dependencies = (
				0C6B6F8C25F29C6C007CB892 /* PBXTargetDependency */,
			);
			name = PracticeFireAuthTests;
			productName = PracticeFireAuthTests;
			productReference = 0C6B6F8625F29C6C007CB892 /* PracticeFireAuthTests.xctest */;
			productType = "com.apple.product-type.bundle.unit-test";
		};
		0CE1329825655A8700B666A7 /* PracticeFireAuth */ = {
			isa = PBXNativeTarget;
			buildConfigurationList = 0CE132AD25655A8900B666A7 /* Build configuration list for PBXNativeTarget "PracticeFireAuth" */;
			buildPhases = (
				DF2285B49A5CD26242C165EA /* [CP] Check Pods Manifest.lock */,
				0CE1329525655A8700B666A7 /* Sources */,
				0CE1329625655A8700B666A7 /* Frameworks */,
				0CE1329725655A8700B666A7 /* Resources */,
				EA1BB0873267E2DF93A63BA2 /* [CP] Embed Pods Frameworks */,
				81817662F2C42C9176E4AAE2 /* [CP] Copy Pods Resources */,
			);
			buildRules = (
			);
			dependencies = (
			);
			name = PracticeFireAuth;
			productName = PracticeFireAuth;
			productReference = 0CE1329925655A8700B666A7 /* PracticeFireAuth.app */;
			productType = "com.apple.product-type.application";
		};
/* End PBXNativeTarget section */

/* Begin PBXProject section */
		0CE1329125655A8700B666A7 /* Project object */ = {
			isa = PBXProject;
			attributes = {
				LastSwiftUpdateCheck = 1230;
				LastUpgradeCheck = 1130;
				ORGANIZATIONNAME = "TAKEBUMI SUZUKI";
				TargetAttributes = {
					0C6B6F8525F29C6C007CB892 = {
						CreatedOnToolsVersion = 12.3;
						TestTargetID = 0CE1329825655A8700B666A7;
					};
					0CE1329825655A8700B666A7 = {
						CreatedOnToolsVersion = 11.3.1;
					};
				};
			};
			buildConfigurationList = 0CE1329425655A8700B666A7 /* Build configuration list for PBXProject "PracticeFireAuth" */;
			compatibilityVersion = "Xcode 9.3";
			developmentRegion = en;
			hasScannedForEncodings = 0;
			knownRegions = (
				en,
				Base,
			);
			mainGroup = 0CE1329025655A8700B666A7;
			productRefGroup = 0CE1329A25655A8700B666A7 /* Products */;
			projectDirPath = "";
			projectRoot = "";
			targets = (
				0CE1329825655A8700B666A7 /* PracticeFireAuth */,
				0C6B6F8525F29C6C007CB892 /* PracticeFireAuthTests */,
			);
		};
/* End PBXProject section */

/* Begin PBXResourcesBuildPhase section */
		0C6B6F8425F29C6C007CB892 /* Resources */ = {
			isa = PBXResourcesBuildPhase;
			buildActionMask = 2147483647;
			files = (
			);
			runOnlyForDeploymentPostprocessing = 0;
		};
		0CE1329725655A8700B666A7 /* Resources */ = {
			isa = PBXResourcesBuildPhase;
			buildActionMask = 2147483647;
			files = (
				0CE132A925655A8900B666A7 /* LaunchScreen.storyboard in Resources */,
				0CE132A625655A8900B666A7 /* Assets.xcassets in Resources */,
				0CE132B92565665D00B666A7 /* GoogleService-Info.plist in Resources */,
			);
			runOnlyForDeploymentPostprocessing = 0;
		};
/* End PBXResourcesBuildPhase section */

/* Begin PBXShellScriptBuildPhase section */
		215DA7F73C838491A9E98EAC /* [CP] Embed Pods Frameworks */ = {
			isa = PBXShellScriptBuildPhase;
			buildActionMask = 2147483647;
			files = (
			);
			inputFileListPaths = (
				"${PODS_ROOT}/Target Support Files/Pods-PracticeFireAuthTests/Pods-PracticeFireAuthTests-frameworks-${CONFIGURATION}-input-files.xcfilelist",
			);
			name = "[CP] Embed Pods Frameworks";
			outputFileListPaths = (
				"${PODS_ROOT}/Target Support Files/Pods-PracticeFireAuthTests/Pods-PracticeFireAuthTests-frameworks-${CONFIGURATION}-output-files.xcfilelist",
			);
			runOnlyForDeploymentPostprocessing = 0;
			shellPath = /bin/sh;
			shellScript = "\"${PODS_ROOT}/Target Support Files/Pods-PracticeFireAuthTests/Pods-PracticeFireAuthTests-frameworks.sh\"\n";
			showEnvVarsInLog = 0;
		};
		31A0F8FAC5BD155B11E64C43 /* [CP] Check Pods Manifest.lock */ = {
			isa = PBXShellScriptBuildPhase;
			buildActionMask = 2147483647;
			files = (
			);
			inputFileListPaths = (
			);
			inputPaths = (
				"${PODS_PODFILE_DIR_PATH}/Podfile.lock",
				"${PODS_ROOT}/Manifest.lock",
			);
			name = "[CP] Check Pods Manifest.lock";
			outputFileListPaths = (
			);
			outputPaths = (
				"$(DERIVED_FILE_DIR)/Pods-PracticeFireAuthTests-checkManifestLockResult.txt",
			);
			runOnlyForDeploymentPostprocessing = 0;
			shellPath = /bin/sh;
			shellScript = "diff \"${PODS_PODFILE_DIR_PATH}/Podfile.lock\" \"${PODS_ROOT}/Manifest.lock\" > /dev/null\nif [ $? != 0 ] ; then\n    # print error to STDERR\n    echo \"error: The sandbox is not in sync with the Podfile.lock. Run 'pod install' or update your CocoaPods installation.\" >&2\n    exit 1\nfi\n# This output is used by Xcode 'outputs' to avoid re-running this script phase.\necho \"SUCCESS\" > \"${SCRIPT_OUTPUT_FILE_0}\"\n";
			showEnvVarsInLog = 0;
		};
		81817662F2C42C9176E4AAE2 /* [CP] Copy Pods Resources */ = {
			isa = PBXShellScriptBuildPhase;
			buildActionMask = 2147483647;
			files = (
			);
			inputFileListPaths = (
				"${PODS_ROOT}/Target Support Files/Pods-PracticeFireAuth/Pods-PracticeFireAuth-resources-${CONFIGURATION}-input-files.xcfilelist",
			);
			name = "[CP] Copy Pods Resources";
			outputFileListPaths = (
				"${PODS_ROOT}/Target Support Files/Pods-PracticeFireAuth/Pods-PracticeFireAuth-resources-${CONFIGURATION}-output-files.xcfilelist",
			);
			runOnlyForDeploymentPostprocessing = 0;
			shellPath = /bin/sh;
			shellScript = "\"${PODS_ROOT}/Target Support Files/Pods-PracticeFireAuth/Pods-PracticeFireAuth-resources.sh\"\n";
			showEnvVarsInLog = 0;
		};
		DF2285B49A5CD26242C165EA /* [CP] Check Pods Manifest.lock */ = {
			isa = PBXShellScriptBuildPhase;
			buildActionMask = 2147483647;
			files = (
			);
			inputFileListPaths = (
			);
			inputPaths = (
				"${PODS_PODFILE_DIR_PATH}/Podfile.lock",
				"${PODS_ROOT}/Manifest.lock",
			);
			name = "[CP] Check Pods Manifest.lock";
			outputFileListPaths = (
			);
			outputPaths = (
				"$(DERIVED_FILE_DIR)/Pods-PracticeFireAuth-checkManifestLockResult.txt",
			);
			runOnlyForDeploymentPostprocessing = 0;
			shellPath = /bin/sh;
			shellScript = "diff \"${PODS_PODFILE_DIR_PATH}/Podfile.lock\" \"${PODS_ROOT}/Manifest.lock\" > /dev/null\nif [ $? != 0 ] ; then\n    # print error to STDERR\n    echo \"error: The sandbox is not in sync with the Podfile.lock. Run 'pod install' or update your CocoaPods installation.\" >&2\n    exit 1\nfi\n# This output is used by Xcode 'outputs' to avoid re-running this script phase.\necho \"SUCCESS\" > \"${SCRIPT_OUTPUT_FILE_0}\"\n";
			showEnvVarsInLog = 0;
		};
		EA1BB0873267E2DF93A63BA2 /* [CP] Embed Pods Frameworks */ = {
			isa = PBXShellScriptBuildPhase;
			buildActionMask = 2147483647;
			files = (
			);
			inputFileListPaths = (
				"${PODS_ROOT}/Target Support Files/Pods-PracticeFireAuth/Pods-PracticeFireAuth-frameworks-${CONFIGURATION}-input-files.xcfilelist",
			);
			name = "[CP] Embed Pods Frameworks";
			outputFileListPaths = (
				"${PODS_ROOT}/Target Support Files/Pods-PracticeFireAuth/Pods-PracticeFireAuth-frameworks-${CONFIGURATION}-output-files.xcfilelist",
			);
			runOnlyForDeploymentPostprocessing = 0;
			shellPath = /bin/sh;
			shellScript = "\"${PODS_ROOT}/Target Support Files/Pods-PracticeFireAuth/Pods-PracticeFireAuth-frameworks.sh\"\n";
			showEnvVarsInLog = 0;
		};
/* End PBXShellScriptBuildPhase section */

/* Begin PBXSourcesBuildPhase section */
		0C6B6F8225F29C6C007CB892 /* Sources */ = {
			isa = PBXSourcesBuildPhase;
			buildActionMask = 2147483647;
			files = (
				0C6B6FBD25F2A3B3007CB892 /* ValidationTests.swift in Sources */,
			);
			runOnlyForDeploymentPostprocessing = 0;
		};
		0CE1329525655A8700B666A7 /* Sources */ = {
			isa = PBXSourcesBuildPhase;
			buildActionMask = 2147483647;
			files = (
				0C1E383125667420005CA891 /* String+Extension.swift in Sources */,
				0CE132B325655BED00B666A7 /* SettingVC.swift in Sources */,
				0CE132B125655BDD00B666A7 /* ConversationListVC.swift in Sources */,
				0C3AABF625778DF200E5F131 /* Message.swift in Sources */,
				0C6B707625F40E37007CB892 /* AccountLine.swift in Sources */,
				0CE1329D25655A8700B666A7 /* AppDelegate.swift in Sources */,
				0C45C3DC257E6B5C007493FB /* MyCustomButton.swift in Sources */,
				0CC98E20257C2C4000D9B050 /* Date+Extension.swift in Sources */,
				0CE1329F25655A8700B666A7 /* SceneDelegate.swift in Sources */,
				0C6B707A25F40EB2007CB892 /* AccountButton.swift in Sources */,
				0C6B701E25F38074007CB892 /* LoginViewModel.swift in Sources */,
				0C6B6F7725F22B62007CB892 /* AuthenticationManager.swift in Sources */,
				0C7D727B25744CE20072D866 /* FriendListCell.swift in Sources */,
				0C6B706C25F40B01007CB892 /* AccountTextField.swift in Sources */,
				0C6B6F6E25F20F4F007CB892 /* CustomTextField.swift in Sources */,
				0CDCE57F25F4DD6F002997A8 /* SettingViewModel.swift in Sources */,
				0C7D727D2574CDCB0072D866 /* SearchFriendVC.swift in Sources */,
				0C3228EA2572C79B00C7CBEF /* FriendListVC.swift in Sources */,
				0CC98E1C257C06F200D9B050 /* PhotoViewerVC.swift in Sources */,
				0C6B6F6A25F1D558007CB892 /* UIView+Extension.swift in Sources */,
				0C202289256876630039E76D /* User.swift in Sources */,
				0C6B6F7225F21A92007CB892 /* CustomLoginButton.swift in Sources */,
				0CE132B7256563FC00B666A7 /* SignUpVC.swift in Sources */,
				0C90FC99256984A100A8BBD5 /* FireStorageManager.swift in Sources */,
				0C0F0FB32571B7D00051D7CB /* ConversationListCell.swift in Sources */,
				0C6B701225F35CCB007CB892 /* SignUpViewModel.swift in Sources */,
				0C7EF2E32577181500418BDB /* ChatRoom.swift in Sources */,
				0CDABCE22567050A00DDD5DA /* ServiceAlert.swift in Sources */,
				0CC98E24257C3A0100D9B050 /* MySubclassedTabBarController.swift in Sources */,
				0C6B707025F40CF8007CB892 /* AccountUILabel.swift in Sources */,
				0C45C3E02580323D007493FB /* FireStoreManager.swift in Sources */,
				0C6B701825F35D7B007CB892 /* ValidationService.swift in Sources */,
				0C0F0FB0257182570051D7CB /* ChatRoomVC.swift in Sources */,
				0CE132B5256563ED00B666A7 /* LoginVC.swift in Sources */,
				0C5A8DA22575060900DB2EE1 /* SearchFriendCell.swift in Sources */,
			);
			runOnlyForDeploymentPostprocessing = 0;
		};
/* End PBXSourcesBuildPhase section */

/* Begin PBXTargetDependency section */
		0C6B6F8C25F29C6C007CB892 /* PBXTargetDependency */ = {
			isa = PBXTargetDependency;
			target = 0CE1329825655A8700B666A7 /* PracticeFireAuth */;
			targetProxy = 0C6B6F8B25F29C6C007CB892 /* PBXContainerItemProxy */;
		};
/* End PBXTargetDependency section */

/* Begin PBXVariantGroup section */
		0CE132A725655A8900B666A7 /* LaunchScreen.storyboard */ = {
			isa = PBXVariantGroup;
			children = (
				0CE132A825655A8900B666A7 /* Base */,
			);
			name = LaunchScreen.storyboard;
			sourceTree = "<group>";
		};
/* End PBXVariantGroup section */

/* Begin XCBuildConfiguration section */
		0C6B6F8D25F29C6C007CB892 /* Debug */ = {
			isa = XCBuildConfiguration;
			baseConfigurationReference = 8D519B0A7251FD49D02BDF6E /* Pods-PracticeFireAuthTests.debug.xcconfig */;
			buildSettings = {
				BUNDLE_LOADER = "$(TEST_HOST)";
				CLANG_WARN_QUOTED_INCLUDE_IN_FRAMEWORK_HEADER = YES;
				CODE_SIGN_STYLE = Automatic;
				DEVELOPMENT_TEAM = KTQR7K9373;
				INFOPLIST_FILE = PracticeFireAuthTests/Info.plist;
				IPHONEOS_DEPLOYMENT_TARGET = 14.3;
				LD_RUNPATH_SEARCH_PATHS = (
					"$(inherited)",
					"@executable_path/Frameworks",
					"@loader_path/Frameworks",
				);
				PRODUCT_BUNDLE_IDENTIFIER = com.djtake.PracticeFireAuthTests;
				PRODUCT_NAME = "$(TARGET_NAME)";
				SWIFT_VERSION = 5.0;
				TARGETED_DEVICE_FAMILY = "1,2";
				TEST_HOST = "$(BUILT_PRODUCTS_DIR)/PracticeFireAuth.app/PracticeFireAuth";
			};
			name = Debug;
		};
		0C6B6F8E25F29C6C007CB892 /* Release */ = {
			isa = XCBuildConfiguration;
			baseConfigurationReference = FDD82A920BAF0A3EE49172F1 /* Pods-PracticeFireAuthTests.release.xcconfig */;
			buildSettings = {
				BUNDLE_LOADER = "$(TEST_HOST)";
				CLANG_WARN_QUOTED_INCLUDE_IN_FRAMEWORK_HEADER = YES;
				CODE_SIGN_STYLE = Automatic;
				DEVELOPMENT_TEAM = KTQR7K9373;
				INFOPLIST_FILE = PracticeFireAuthTests/Info.plist;
				IPHONEOS_DEPLOYMENT_TARGET = 14.3;
				LD_RUNPATH_SEARCH_PATHS = (
					"$(inherited)",
					"@executable_path/Frameworks",
					"@loader_path/Frameworks",
				);
				PRODUCT_BUNDLE_IDENTIFIER = com.djtake.PracticeFireAuthTests;
				PRODUCT_NAME = "$(TARGET_NAME)";
				SWIFT_VERSION = 5.0;
				TARGETED_DEVICE_FAMILY = "1,2";
				TEST_HOST = "$(BUILT_PRODUCTS_DIR)/PracticeFireAuth.app/PracticeFireAuth";
			};
			name = Release;
		};
		0CE132AB25655A8900B666A7 /* Debug */ = {
			isa = XCBuildConfiguration;
			buildSettings = {
				ALWAYS_SEARCH_USER_PATHS = NO;
				CLANG_ANALYZER_NONNULL = YES;
				CLANG_ANALYZER_NUMBER_OBJECT_CONVERSION = YES_AGGRESSIVE;
				CLANG_CXX_LANGUAGE_STANDARD = "gnu++14";
				CLANG_CXX_LIBRARY = "libc++";
				CLANG_ENABLE_MODULES = YES;
				CLANG_ENABLE_OBJC_ARC = YES;
				CLANG_ENABLE_OBJC_WEAK = YES;
				CLANG_WARN_BLOCK_CAPTURE_AUTORELEASING = YES;
				CLANG_WARN_BOOL_CONVERSION = YES;
				CLANG_WARN_COMMA = YES;
				CLANG_WARN_CONSTANT_CONVERSION = YES;
				CLANG_WARN_DEPRECATED_OBJC_IMPLEMENTATIONS = YES;
				CLANG_WARN_DIRECT_OBJC_ISA_USAGE = YES_ERROR;
				CLANG_WARN_DOCUMENTATION_COMMENTS = YES;
				CLANG_WARN_EMPTY_BODY = YES;
				CLANG_WARN_ENUM_CONVERSION = YES;
				CLANG_WARN_INFINITE_RECURSION = YES;
				CLANG_WARN_INT_CONVERSION = YES;
				CLANG_WARN_NON_LITERAL_NULL_CONVERSION = YES;
				CLANG_WARN_OBJC_IMPLICIT_RETAIN_SELF = YES;
				CLANG_WARN_OBJC_LITERAL_CONVERSION = YES;
				CLANG_WARN_OBJC_ROOT_CLASS = YES_ERROR;
				CLANG_WARN_RANGE_LOOP_ANALYSIS = YES;
				CLANG_WARN_STRICT_PROTOTYPES = YES;
				CLANG_WARN_SUSPICIOUS_MOVE = YES;
				CLANG_WARN_UNGUARDED_AVAILABILITY = YES_AGGRESSIVE;
				CLANG_WARN_UNREACHABLE_CODE = YES;
				CLANG_WARN__DUPLICATE_METHOD_MATCH = YES;
				COPY_PHASE_STRIP = NO;
				DEBUG_INFORMATION_FORMAT = dwarf;
				ENABLE_STRICT_OBJC_MSGSEND = YES;
				ENABLE_TESTABILITY = YES;
				GCC_C_LANGUAGE_STANDARD = gnu11;
				GCC_DYNAMIC_NO_PIC = NO;
				GCC_NO_COMMON_BLOCKS = YES;
				GCC_OPTIMIZATION_LEVEL = 0;
				GCC_PREPROCESSOR_DEFINITIONS = (
					"DEBUG=1",
					"$(inherited)",
				);
				GCC_WARN_64_TO_32_BIT_CONVERSION = YES;
				GCC_WARN_ABOUT_RETURN_TYPE = YES_ERROR;
				GCC_WARN_UNDECLARED_SELECTOR = YES;
				GCC_WARN_UNINITIALIZED_AUTOS = YES_AGGRESSIVE;
				GCC_WARN_UNUSED_FUNCTION = YES;
				GCC_WARN_UNUSED_VARIABLE = YES;
				IPHONEOS_DEPLOYMENT_TARGET = 13.2;
				MTL_ENABLE_DEBUG_INFO = INCLUDE_SOURCE;
				MTL_FAST_MATH = YES;
				ONLY_ACTIVE_ARCH = YES;
				SDKROOT = iphoneos;
				SWIFT_ACTIVE_COMPILATION_CONDITIONS = DEBUG;
				SWIFT_OPTIMIZATION_LEVEL = "-Onone";
			};
			name = Debug;
		};
		0CE132AC25655A8900B666A7 /* Release */ = {
			isa = XCBuildConfiguration;
			buildSettings = {
				ALWAYS_SEARCH_USER_PATHS = NO;
				CLANG_ANALYZER_NONNULL = YES;
				CLANG_ANALYZER_NUMBER_OBJECT_CONVERSION = YES_AGGRESSIVE;
				CLANG_CXX_LANGUAGE_STANDARD = "gnu++14";
				CLANG_CXX_LIBRARY = "libc++";
				CLANG_ENABLE_MODULES = YES;
				CLANG_ENABLE_OBJC_ARC = YES;
				CLANG_ENABLE_OBJC_WEAK = YES;
				CLANG_WARN_BLOCK_CAPTURE_AUTORELEASING = YES;
				CLANG_WARN_BOOL_CONVERSION = YES;
				CLANG_WARN_COMMA = YES;
				CLANG_WARN_CONSTANT_CONVERSION = YES;
				CLANG_WARN_DEPRECATED_OBJC_IMPLEMENTATIONS = YES;
				CLANG_WARN_DIRECT_OBJC_ISA_USAGE = YES_ERROR;
				CLANG_WARN_DOCUMENTATION_COMMENTS = YES;
				CLANG_WARN_EMPTY_BODY = YES;
				CLANG_WARN_ENUM_CONVERSION = YES;
				CLANG_WARN_INFINITE_RECURSION = YES;
				CLANG_WARN_INT_CONVERSION = YES;
				CLANG_WARN_NON_LITERAL_NULL_CONVERSION = YES;
				CLANG_WARN_OBJC_IMPLICIT_RETAIN_SELF = YES;
				CLANG_WARN_OBJC_LITERAL_CONVERSION = YES;
				CLANG_WARN_OBJC_ROOT_CLASS = YES_ERROR;
				CLANG_WARN_RANGE_LOOP_ANALYSIS = YES;
				CLANG_WARN_STRICT_PROTOTYPES = YES;
				CLANG_WARN_SUSPICIOUS_MOVE = YES;
				CLANG_WARN_UNGUARDED_AVAILABILITY = YES_AGGRESSIVE;
				CLANG_WARN_UNREACHABLE_CODE = YES;
				CLANG_WARN__DUPLICATE_METHOD_MATCH = YES;
				COPY_PHASE_STRIP = NO;
				DEBUG_INFORMATION_FORMAT = "dwarf-with-dsym";
				ENABLE_NS_ASSERTIONS = NO;
				ENABLE_STRICT_OBJC_MSGSEND = YES;
				GCC_C_LANGUAGE_STANDARD = gnu11;
				GCC_NO_COMMON_BLOCKS = YES;
				GCC_WARN_64_TO_32_BIT_CONVERSION = YES;
				GCC_WARN_ABOUT_RETURN_TYPE = YES_ERROR;
				GCC_WARN_UNDECLARED_SELECTOR = YES;
				GCC_WARN_UNINITIALIZED_AUTOS = YES_AGGRESSIVE;
				GCC_WARN_UNUSED_FUNCTION = YES;
				GCC_WARN_UNUSED_VARIABLE = YES;
				IPHONEOS_DEPLOYMENT_TARGET = 13.2;
				MTL_ENABLE_DEBUG_INFO = NO;
				MTL_FAST_MATH = YES;
				SDKROOT = iphoneos;
				SWIFT_COMPILATION_MODE = wholemodule;
				SWIFT_OPTIMIZATION_LEVEL = "-O";
				VALIDATE_PRODUCT = YES;
			};
			name = Release;
		};
		0CE132AE25655A8900B666A7 /* Debug */ = {
			isa = XCBuildConfiguration;
			baseConfigurationReference = D90E8768CC6DD2D6ED850F32 /* Pods-PracticeFireAuth.debug.xcconfig */;
			buildSettings = {
				ASSETCATALOG_COMPILER_APPICON_NAME = AppIcon;
				CODE_SIGN_STYLE = Automatic;
				DEVELOPMENT_TEAM = KTQR7K9373;
				INFOPLIST_FILE = PracticeFireAuth/Info.plist;
				LD_RUNPATH_SEARCH_PATHS = (
					"$(inherited)",
					"@executable_path/Frameworks",
				);
				PRODUCT_BUNDLE_IDENTIFIER = com.djtake.PracticeFireAuth;
				PRODUCT_NAME = "$(TARGET_NAME)";
				SWIFT_VERSION = 5.0;
				TARGETED_DEVICE_FAMILY = "1,2";
			};
			name = Debug;
		};
		0CE132AF25655A8900B666A7 /* Release */ = {
			isa = XCBuildConfiguration;
			baseConfigurationReference = BBC6C4E8A22D4F7996A87265 /* Pods-PracticeFireAuth.release.xcconfig */;
			buildSettings = {
				ASSETCATALOG_COMPILER_APPICON_NAME = AppIcon;
				CODE_SIGN_STYLE = Automatic;
				DEVELOPMENT_TEAM = KTQR7K9373;
				INFOPLIST_FILE = PracticeFireAuth/Info.plist;
				LD_RUNPATH_SEARCH_PATHS = (
					"$(inherited)",
					"@executable_path/Frameworks",
				);
				PRODUCT_BUNDLE_IDENTIFIER = com.djtake.PracticeFireAuth;
				PRODUCT_NAME = "$(TARGET_NAME)";
				SWIFT_VERSION = 5.0;
				TARGETED_DEVICE_FAMILY = "1,2";
			};
			name = Release;
		};
/* End XCBuildConfiguration section */

/* Begin XCConfigurationList section */
		0C6B6F8F25F29C6C007CB892 /* Build configuration list for PBXNativeTarget "PracticeFireAuthTests" */ = {
			isa = XCConfigurationList;
			buildConfigurations = (
				0C6B6F8D25F29C6C007CB892 /* Debug */,
				0C6B6F8E25F29C6C007CB892 /* Release */,
			);
			defaultConfigurationIsVisible = 0;
			defaultConfigurationName = Release;
		};
		0CE1329425655A8700B666A7 /* Build configuration list for PBXProject "PracticeFireAuth" */ = {
			isa = XCConfigurationList;
			buildConfigurations = (
				0CE132AB25655A8900B666A7 /* Debug */,
				0CE132AC25655A8900B666A7 /* Release */,
			);
			defaultConfigurationIsVisible = 0;
			defaultConfigurationName = Release;
		};
		0CE132AD25655A8900B666A7 /* Build configuration list for PBXNativeTarget "PracticeFireAuth" */ = {
			isa = XCConfigurationList;
			buildConfigurations = (
				0CE132AE25655A8900B666A7 /* Debug */,
				0CE132AF25655A8900B666A7 /* Release */,
			);
			defaultConfigurationIsVisible = 0;
			defaultConfigurationName = Release;
		};
/* End XCConfigurationList section */
	};
	rootObject = 0CE1329125655A8700B666A7 /* Project object */;
}
